{
  "version": "5",
  "specifiers": {
    "npm:@hazae41/deimos@^1.0.6": "1.0.6",
    "npm:@hazae41/phobos@^1.0.10": "1.0.10",
    "npm:@hazae41/rimraf@^1.0.1": "1.0.1",
    "npm:@rollup/plugin-typescript@^11.1.6": "11.1.6_rollup@4.50.2_typescript@5.9.2",
    "npm:@types/node@^22.5.0": "22.18.6",
    "npm:rollup-plugin-dts@^6.1.1": "6.2.3_rollup@4.50.2_typescript@5.9.2",
    "npm:rollup-plugin-node-externals@^7.1.3": "7.1.3_rollup@4.50.2",
    "npm:rollup@^4.21.0": "4.50.2",
    "npm:typescript@^5.5.4": "5.9.2"
  },
  "npm": {
    "@babel/code-frame@7.27.1": {
      "integrity": "sha512-cjQ7ZlQ0Mv3b47hABuTevyTuYN4i+loJKGeV9flcCgIK37cCXRh+L1bd3iBHlynerhQ7BhCkn2BPbQUL+rGqFg==",
      "dependencies": [
        "@babel/helper-validator-identifier",
        "js-tokens",
        "picocolors"
      ]
    },
    "@babel/helper-validator-identifier@7.27.1": {
      "integrity": "sha512-D2hP9eA+Sqx1kBZgzxZh0y1trbuU+JoDkiEwqhQ36nodYqJwyEIhPSdMNd7lOm/4io72luTPWH20Yda0xOuUow=="
    },
    "@hazae41/deimos@1.0.6": {
      "integrity": "sha512-WFPqGe3hVKoUxXSDK+eJpKEpjTBZYfrvBCNlpUAjSyDB/5GrsjcVpgX37QDXZvtJA+Y8fZz1VHxuWGh+I46cIw=="
    },
    "@hazae41/phobos@1.0.10": {
      "integrity": "sha512-ZCZx2YXnRAmMxQhBSg1/GW3wll8UVXGJm8ADWaGk9sJRnXE0zISAHz1mRZIHXHAq+MUBOQF7d6AeCAckc2xYlQ=="
    },
    "@hazae41/rimraf@1.0.1": {
      "integrity": "sha512-EmzbyXflKMxnfiEAsE2jn84Bo2WeTxPasdasQ0JP4gisCa3n9qrB2tiR9fmRsrkS6wH/H16oBsu4dkyfaJiKQw==",
      "bin": true
    },
    "@jridgewell/sourcemap-codec@1.5.5": {
      "integrity": "sha512-cYQ9310grqxueWbl+WuIUIaiUaDcj7WOq5fVhEljNVgRfOUhY9fy2zTvfoqWsnebh8Sl70VScFbICvJnLKB0Og=="
    },
    "@rollup/plugin-typescript@11.1.6_rollup@4.50.2_typescript@5.9.2": {
      "integrity": "sha512-R92yOmIACgYdJ7dJ97p4K69I8gg6IEHt8M7dUBxN3W6nrO8uUxX5ixl0yU/N3aZTi8WhPuICvOHXQvF6FaykAA==",
      "dependencies": [
        "@rollup/pluginutils",
        "resolve",
        "rollup",
        "typescript"
      ],
      "optionalPeers": [
        "rollup"
      ]
    },
    "@rollup/pluginutils@5.3.0_rollup@4.50.2": {
      "integrity": "sha512-5EdhGZtnu3V88ces7s53hhfK5KSASnJZv8Lulpc04cWO3REESroJXg73DFsOmgbU2BhwV0E20bu2IDZb3VKW4Q==",
      "dependencies": [
        "@types/estree",
        "estree-walker",
        "picomatch",
        "rollup"
      ],
      "optionalPeers": [
        "rollup"
      ]
    },
    "@rollup/rollup-android-arm-eabi@4.50.2": {
      "integrity": "sha512-uLN8NAiFVIRKX9ZQha8wy6UUs06UNSZ32xj6giK/rmMXAgKahwExvK6SsmgU5/brh4w/nSgj8e0k3c1HBQpa0A==",
      "os": ["android"],
      "cpu": ["arm"]
    },
    "@rollup/rollup-android-arm64@4.50.2": {
      "integrity": "sha512-oEouqQk2/zxxj22PNcGSskya+3kV0ZKH+nQxuCCOGJ4oTXBdNTbv+f/E3c74cNLeMO1S5wVWacSws10TTSB77g==",
      "os": ["android"],
      "cpu": ["arm64"]
    },
    "@rollup/rollup-darwin-arm64@4.50.2": {
      "integrity": "sha512-OZuTVTpj3CDSIxmPgGH8en/XtirV5nfljHZ3wrNwvgkT5DQLhIKAeuFSiwtbMto6oVexV0k1F1zqURPKf5rI1Q==",
      "os": ["darwin"],
      "cpu": ["arm64"]
    },
    "@rollup/rollup-darwin-x64@4.50.2": {
      "integrity": "sha512-Wa/Wn8RFkIkr1vy1k1PB//VYhLnlnn5eaJkfTQKivirOvzu5uVd2It01ukeQstMursuz7S1bU+8WW+1UPXpa8A==",
      "os": ["darwin"],
      "cpu": ["x64"]
    },
    "@rollup/rollup-freebsd-arm64@4.50.2": {
      "integrity": "sha512-QkzxvH3kYN9J1w7D1A+yIMdI1pPekD+pWx7G5rXgnIlQ1TVYVC6hLl7SOV9pi5q9uIDF9AuIGkuzcbF7+fAhow==",
      "os": ["freebsd"],
      "cpu": ["arm64"]
    },
    "@rollup/rollup-freebsd-x64@4.50.2": {
      "integrity": "sha512-dkYXB0c2XAS3a3jmyDkX4Jk0m7gWLFzq1C3qUnJJ38AyxIF5G/dyS4N9B30nvFseCfgtCEdbYFhk0ChoCGxPog==",
      "os": ["freebsd"],
      "cpu": ["x64"]
    },
    "@rollup/rollup-linux-arm-gnueabihf@4.50.2": {
      "integrity": "sha512-9VlPY/BN3AgbukfVHAB8zNFWB/lKEuvzRo1NKev0Po8sYFKx0i+AQlCYftgEjcL43F2h9Ui1ZSdVBc4En/sP2w==",
      "os": ["linux"],
      "cpu": ["arm"]
    },
    "@rollup/rollup-linux-arm-musleabihf@4.50.2": {
      "integrity": "sha512-+GdKWOvsifaYNlIVf07QYan1J5F141+vGm5/Y8b9uCZnG/nxoGqgCmR24mv0koIWWuqvFYnbURRqw1lv7IBINw==",
      "os": ["linux"],
      "cpu": ["arm"]
    },
    "@rollup/rollup-linux-arm64-gnu@4.50.2": {
      "integrity": "sha512-df0Eou14ojtUdLQdPFnymEQteENwSJAdLf5KCDrmZNsy1c3YaCNaJvYsEUHnrg+/DLBH612/R0xd3dD03uz2dg==",
      "os": ["linux"],
      "cpu": ["arm64"]
    },
    "@rollup/rollup-linux-arm64-musl@4.50.2": {
      "integrity": "sha512-iPeouV0UIDtz8j1YFR4OJ/zf7evjauqv7jQ/EFs0ClIyL+by++hiaDAfFipjOgyz6y6xbDvJuiU4HwpVMpRFDQ==",
      "os": ["linux"],
      "cpu": ["arm64"]
    },
    "@rollup/rollup-linux-loong64-gnu@4.50.2": {
      "integrity": "sha512-OL6KaNvBopLlj5fTa5D5bau4W82f+1TyTZRr2BdnfsrnQnmdxh4okMxR2DcDkJuh4KeoQZVuvHvzuD/lyLn2Kw==",
      "os": ["linux"],
      "cpu": ["loong64"]
    },
    "@rollup/rollup-linux-ppc64-gnu@4.50.2": {
      "integrity": "sha512-I21VJl1w6z/K5OTRl6aS9DDsqezEZ/yKpbqlvfHbW0CEF5IL8ATBMuUx6/mp683rKTK8thjs/0BaNrZLXetLag==",
      "os": ["linux"],
      "cpu": ["ppc64"]
    },
    "@rollup/rollup-linux-riscv64-gnu@4.50.2": {
      "integrity": "sha512-Hq6aQJT/qFFHrYMjS20nV+9SKrXL2lvFBENZoKfoTH2kKDOJqff5OSJr4x72ZaG/uUn+XmBnGhfr4lwMRrmqCQ==",
      "os": ["linux"],
      "cpu": ["riscv64"]
    },
    "@rollup/rollup-linux-riscv64-musl@4.50.2": {
      "integrity": "sha512-82rBSEXRv5qtKyr0xZ/YMF531oj2AIpLZkeNYxmKNN6I2sVE9PGegN99tYDLK2fYHJITL1P2Lgb4ZXnv0PjQvw==",
      "os": ["linux"],
      "cpu": ["riscv64"]
    },
    "@rollup/rollup-linux-s390x-gnu@4.50.2": {
      "integrity": "sha512-4Q3S3Hy7pC6uaRo9gtXUTJ+EKo9AKs3BXKc2jYypEcMQ49gDPFU2P1ariX9SEtBzE5egIX6fSUmbmGazwBVF9w==",
      "os": ["linux"],
      "cpu": ["s390x"]
    },
    "@rollup/rollup-linux-x64-gnu@4.50.2": {
      "integrity": "sha512-9Jie/At6qk70dNIcopcL4p+1UirusEtznpNtcq/u/C5cC4HBX7qSGsYIcG6bdxj15EYWhHiu02YvmdPzylIZlA==",
      "os": ["linux"],
      "cpu": ["x64"]
    },
    "@rollup/rollup-linux-x64-musl@4.50.2": {
      "integrity": "sha512-HPNJwxPL3EmhzeAnsWQCM3DcoqOz3/IC6de9rWfGR8ZCuEHETi9km66bH/wG3YH0V3nyzyFEGUZeL5PKyy4xvw==",
      "os": ["linux"],
      "cpu": ["x64"]
    },
    "@rollup/rollup-openharmony-arm64@4.50.2": {
      "integrity": "sha512-nMKvq6FRHSzYfKLHZ+cChowlEkR2lj/V0jYj9JnGUVPL2/mIeFGmVM2mLaFeNa5Jev7W7TovXqXIG2d39y1KYA==",
      "os": ["openharmony"],
      "cpu": ["arm64"]
    },
    "@rollup/rollup-win32-arm64-msvc@4.50.2": {
      "integrity": "sha512-eFUvvnTYEKeTyHEijQKz81bLrUQOXKZqECeiWH6tb8eXXbZk+CXSG2aFrig2BQ/pjiVRj36zysjgILkqarS2YA==",
      "os": ["win32"],
      "cpu": ["arm64"]
    },
    "@rollup/rollup-win32-ia32-msvc@4.50.2": {
      "integrity": "sha512-cBaWmXqyfRhH8zmUxK3d3sAhEWLrtMjWBRwdMMHJIXSjvjLKvv49adxiEz+FJ8AP90apSDDBx2Tyd/WylV6ikA==",
      "os": ["win32"],
      "cpu": ["ia32"]
    },
    "@rollup/rollup-win32-x64-msvc@4.50.2": {
      "integrity": "sha512-APwKy6YUhvZaEoHyM+9xqmTpviEI+9eL7LoCH+aLcvWYHJ663qG5zx7WzWZY+a9qkg5JtzcMyJ9z0WtQBMDmgA==",
      "os": ["win32"],
      "cpu": ["x64"]
    },
    "@types/estree@1.0.8": {
      "integrity": "sha512-dWHzHa2WqEXI/O1E9OjrocMTKJl2mSrEolh1Iomrv6U+JuNwaHXsXx9bLu5gG7BUWFIN0skIQJQ/L1rIex4X6w=="
    },
    "@types/node@22.18.6": {
      "integrity": "sha512-r8uszLPpeIWbNKtvWRt/DbVi5zbqZyj1PTmhRMqBMvDnaz1QpmSKujUtJLrqGZeoM8v72MfYggDceY4K1itzWQ==",
      "dependencies": [
        "undici-types"
      ]
    },
    "estree-walker@2.0.2": {
      "integrity": "sha512-Rfkk/Mp/DL7JVje3u18FxFujQlTNR2q6QfMSMB7AvCBx91NGj/ba3kCfza0f6dVDbw7YlRf/nDrn7pQrCCyQ/w=="
    },
    "fsevents@2.3.3": {
      "integrity": "sha512-5xoDfX+fL7faATnagmWPpbFtwh/R77WmMMqqHGS65C3vvB0YHrgF+B1YmZ3441tMj5n63k0212XNoJwzlhffQw==",
      "os": ["darwin"],
      "scripts": true
    },
    "function-bind@1.1.2": {
      "integrity": "sha512-7XHNxH7qX9xG5mIwxkhumTox/MIRNcOgDrxWsMt2pAr23WHp6MrRlN7FBSFpCpr+oVO0F744iUgR82nJMfG2SA=="
    },
    "hasown@2.0.2": {
      "integrity": "sha512-0hJU9SCPvmMzIBdZFqNPXWa6dqh7WdH0cII9y+CyS8rG3nL48Bclra9HmKhVVUHyPWNH5Y7xDwAB7bfgSjkUMQ==",
      "dependencies": [
        "function-bind"
      ]
    },
    "is-core-module@2.16.1": {
      "integrity": "sha512-UfoeMA6fIJ8wTYFEUjelnaGI67v6+N7qXJEvQuIGa99l4xsCruSYOVSQ0uPANn4dAzm8lkYPaKLrrijLq7x23w==",
      "dependencies": [
        "hasown"
      ]
    },
    "js-tokens@4.0.0": {
      "integrity": "sha512-RdJUflcE3cUzKiMqQgsCu06FPu9UdIJO0beYbPhHN4k6apgJtifcoCtT9bcxOpYBtpD2kCM6Sbzg4CausW/PKQ=="
    },
    "magic-string@0.30.19": {
      "integrity": "sha512-2N21sPY9Ws53PZvsEpVtNuSW+ScYbQdp4b9qUaL+9QkHUrGFKo56Lg9Emg5s9V/qrtNBmiR01sYhUOwu3H+VOw==",
      "dependencies": [
        "@jridgewell/sourcemap-codec"
      ]
    },
    "path-parse@1.0.7": {
      "integrity": "sha512-LDJzPVEEEPR+y48z93A0Ed0yXb8pAByGWo/k5YYdYgpY2/2EsOsksJrq7lOHxryrVOn1ejG6oAp8ahvOIQD8sw=="
    },
    "picocolors@1.1.1": {
      "integrity": "sha512-xceH2snhtb5M9liqDsmEw56le376mTZkEX/jEb/RxNFyegNul7eNslCXP9FDj/Lcu0X8KEyMceP2ntpaHrDEVA=="
    },
    "picomatch@4.0.3": {
      "integrity": "sha512-5gTmgEY/sqK6gFXLIsQNH19lWb4ebPDLA4SdLP7dsWkIXHWlG66oPuVvXSGFPppYZz8ZDZq0dYYrbHfBCVUb1Q=="
    },
    "resolve@1.22.10": {
      "integrity": "sha512-NPRy+/ncIMeDlTAsuqwKIiferiawhefFJtkNSW0qZJEqMEb+qBt/77B/jGeeek+F0uOeN05CDa6HXbbIgtVX4w==",
      "dependencies": [
        "is-core-module",
        "path-parse",
        "supports-preserve-symlinks-flag"
      ],
      "bin": true
    },
    "rollup-plugin-dts@6.2.3_rollup@4.50.2_typescript@5.9.2": {
      "integrity": "sha512-UgnEsfciXSPpASuOelix7m4DrmyQgiaWBnvI0TM4GxuDh5FkqW8E5hu57bCxXB90VvR1WNfLV80yEDN18UogSA==",
      "dependencies": [
        "magic-string",
        "rollup",
        "typescript"
      ],
      "optionalDependencies": [
        "@babel/code-frame"
      ]
    },
    "rollup-plugin-node-externals@7.1.3_rollup@4.50.2": {
      "integrity": "sha512-RM+7tJAejAoRsCf93TptTSdqUhRA8S78DleihMiu54Kac+uLkd9VIegLPhGnaW3ehZTXh56+R301mFH6j2A7vw==",
      "dependencies": [
        "rollup"
      ]
    },
    "rollup@4.50.2": {
      "integrity": "sha512-BgLRGy7tNS9H66aIMASq1qSYbAAJV6Z6WR4QYTvj5FgF15rZ/ympT1uixHXwzbZUBDbkvqUI1KR0fH1FhMaQ9w==",
      "dependencies": [
        "@types/estree"
      ],
      "optionalDependencies": [
        "@rollup/rollup-android-arm-eabi",
        "@rollup/rollup-android-arm64",
        "@rollup/rollup-darwin-arm64",
        "@rollup/rollup-darwin-x64",
        "@rollup/rollup-freebsd-arm64",
        "@rollup/rollup-freebsd-x64",
        "@rollup/rollup-linux-arm-gnueabihf",
        "@rollup/rollup-linux-arm-musleabihf",
        "@rollup/rollup-linux-arm64-gnu",
        "@rollup/rollup-linux-arm64-musl",
        "@rollup/rollup-linux-loong64-gnu",
        "@rollup/rollup-linux-ppc64-gnu",
        "@rollup/rollup-linux-riscv64-gnu",
        "@rollup/rollup-linux-riscv64-musl",
        "@rollup/rollup-linux-s390x-gnu",
        "@rollup/rollup-linux-x64-gnu",
        "@rollup/rollup-linux-x64-musl",
        "@rollup/rollup-openharmony-arm64",
        "@rollup/rollup-win32-arm64-msvc",
        "@rollup/rollup-win32-ia32-msvc",
        "@rollup/rollup-win32-x64-msvc",
        "fsevents"
      ],
      "bin": true
    },
    "supports-preserve-symlinks-flag@1.0.0": {
      "integrity": "sha512-ot0WnXS9fgdkgIcePe6RHNk1WA8+muPa6cSjeR3V8K27q9BB1rTE3R1p7Hv0z1ZyAc8s6Vvv8DIyWf681MAt0w=="
    },
    "typescript@5.9.2": {
      "integrity": "sha512-CWBzXQrc/qOkhidw1OzBTQuYRbfyxDXJMVJ1XNwUHGROVmuaeiEm3OslpZ1RV96d7SKKjZKrSJu3+t/xlw3R9A==",
      "bin": true
    },
    "undici-types@6.21.0": {
      "integrity": "sha512-iwDZqg0QAGrg9Rav5H4n0M64c3mkR59cJ6wQp+7C4nI0gsmExaedaYLNO44eT4AtBBwjbTiGPMlt2Md0T9H9JQ=="
    }
  },
  "workspace": {
    "packageJson": {
      "dependencies": [
        "npm:@hazae41/deimos@^1.0.6",
        "npm:@hazae41/phobos@^1.0.10",
        "npm:@hazae41/rimraf@^1.0.1",
        "npm:@rollup/plugin-typescript@^11.1.6",
        "npm:@types/node@^22.5.0",
        "npm:rollup-plugin-dts@^6.1.1",
        "npm:rollup-plugin-node-externals@^7.1.3",
        "npm:rollup@^4.21.0",
        "npm:typescript@^5.5.4"
      ]
    }
  }
}
